
Microsoft Visual Studio Solution File, Format Version 12.00
# Visual Studio 15
VisualStudioVersion = 15.0.26124.0
MinimumVisualStudioVersion = 15.0.26124.0
Project("{F2A71F9B-5D33-465A-A702-920D77279786}") = "two-sum", "two-sum\two-sum.fsproj", "{0C0B4F0B-7D3F-4B58-9E6C-95657B9ABC63}"
EndProject
Project("{F2A71F9B-5D33-465A-A702-920D77279786}") = "two-sum.test", "two-sum.test\two-sum.test.fsproj", "{757F5182-7AC9-45FB-AA04-87CDF6F6D66F}"
EndProject
Global
	GlobalSection(SolutionConfigurationPlatforms) = preSolution
		Debug|Any CPU = Debug|Any CPU
		Debug|x64 = Debug|x64
		Debug|x86 = Debug|x86
		Release|Any CPU = Release|Any CPU
		Release|x64 = Release|x64
		Release|x86 = Release|x86
	EndGlobalSection
	GlobalSection(SolutionProperties) = preSolution
		HideSolutionNode = FALSE
	EndGlobalSection
	GlobalSection(ProjectConfigurationPlatforms) = postSolution
		{0C0B4F0B-7D3F-4B58-9E6C-95657B9ABC63}.Debug|Any CPU.ActiveCfg = Debug|Any CPU
		{0C0B4F0B-7D3F-4B58-9E6C-95657B9ABC63}.Debug|Any CPU.Build.0 = Debug|Any CPU
		{0C0B4F0B-7D3F-4B58-9E6C-95657B9ABC63}.Debug|x64.ActiveCfg = Debug|Any CPU
		{0C0B4F0B-7D3F-4B58-9E6C-95657B9ABC63}.Debug|x64.Build.0 = Debug|Any CPU
		{0C0B4F0B-7D3F-4B58-9E6C-95657B9ABC63}.Debug|x86.ActiveCfg = Debug|Any CPU
		{0C0B4F0B-7D3F-4B58-9E6C-95657B9ABC63}.Debug|x86.Build.0 = Debug|Any CPU
		{0C0B4F0B-7D3F-4B58-9E6C-95657B9ABC63}.Release|Any CPU.ActiveCfg = Release|Any CPU
		{0C0B4F0B-7D3F-4B58-9E6C-95657B9ABC63}.Release|Any CPU.Build.0 = Release|Any CPU
		{0C0B4F0B-7D3F-4B58-9E6C-95657B9ABC63}.Release|x64.ActiveCfg = Release|Any CPU
		{0C0B4F0B-7D3F-4B58-9E6C-95657B9ABC63}.Release|x64.Build.0 = Release|Any CPU
		{0C0B4F0B-7D3F-4B58-9E6C-95657B9ABC63}.Release|x86.ActiveCfg = Release|Any CPU
		{0C0B4F0B-7D3F-4B58-9E6C-95657B9ABC63}.Release|x86.Build.0 = Release|Any CPU
		{757F5182-7AC9-45FB-AA04-87CDF6F6D66F}.Debug|Any CPU.ActiveCfg = Debug|Any CPU
		{757F5182-7AC9-45FB-AA04-87CDF6F6D66F}.Debug|Any CPU.Build.0 = Debug|Any CPU
		{757F5182-7AC9-45FB-AA04-87CDF6F6D66F}.Debug|x64.ActiveCfg = Debug|Any CPU
		{757F5182-7AC9-45FB-AA04-87CDF6F6D66F}.Debug|x64.Build.0 = Debug|Any CPU
		{757F5182-7AC9-45FB-AA04-87CDF6F6D66F}.Debug|x86.ActiveCfg = Debug|Any CPU
		{757F5182-7AC9-45FB-AA04-87CDF6F6D66F}.Debug|x86.Build.0 = Debug|Any CPU
		{757F5182-7AC9-45FB-AA04-87CDF6F6D66F}.Release|Any CPU.ActiveCfg = Release|Any CPU
		{757F5182-7AC9-45FB-AA04-87CDF6F6D66F}.Release|Any CPU.Build.0 = Release|Any CPU
		{757F5182-7AC9-45FB-AA04-87CDF6F6D66F}.Release|x64.ActiveCfg = Release|Any CPU
		{757F5182-7AC9-45FB-AA04-87CDF6F6D66F}.Release|x64.Build.0 = Release|Any CPU
		{757F5182-7AC9-45FB-AA04-87CDF6F6D66F}.Release|x86.ActiveCfg = Release|Any CPU
		{757F5182-7AC9-45FB-AA04-87CDF6F6D66F}.Release|x86.Build.0 = Release|Any CPU
	EndGlobalSection
EndGlobal
